// !$*UTF8*$!
{
	archiveVersion = 1;
	classes = {
	};
	objectVersion = 51;
	objects = {

/* Begin PBXBuildFile section */
		D909410726F01789000D060F /* UserRequest.swift in Sources */ = {isa = PBXBuildFile; fileRef = D909410626F01789000D060F /* UserRequest.swift */; };
		D909410A26F017BD000D060F /* URLRequestBulider.swift in Sources */ = {isa = PBXBuildFile; fileRef = D909410926F017BD000D060F /* URLRequestBulider.swift */; };
		D909410D26F017E8000D060F /* LoginModel.swift in Sources */ = {isa = PBXBuildFile; fileRef = D909410C26F017E8000D060F /* LoginModel.swift */; };
		D909411026F017EC000D060F /* RegisterModel.swift in Sources */ = {isa = PBXBuildFile; fileRef = D909410F26F017EC000D060F /* RegisterModel.swift */; };
		D909411326F017EF000D060F /* UserActivationModel.swift in Sources */ = {isa = PBXBuildFile; fileRef = D909411226F017EF000D060F /* UserActivationModel.swift */; };
		D909411626F017F2000D060F /* ProviderDataModel.swift in Sources */ = {isa = PBXBuildFile; fileRef = D909411526F017F2000D060F /* ProviderDataModel.swift */; };
		D9BE94BF26F000A4004629F3 /* AppDelegate.swift in Sources */ = {isa = PBXBuildFile; fileRef = D9BE94BE26F000A4004629F3 /* AppDelegate.swift */; };
		D9BE94C126F000A4004629F3 /* SceneDelegate.swift in Sources */ = {isa = PBXBuildFile; fileRef = D9BE94C026F000A4004629F3 /* SceneDelegate.swift */; };
		D9BE94C626F000A4004629F3 /* Main.storyboard in Resources */ = {isa = PBXBuildFile; fileRef = D9BE94C426F000A4004629F3 /* Main.storyboard */; };
		D9BE94C826F000A4004629F3 /* Assets.xcassets in Resources */ = {isa = PBXBuildFile; fileRef = D9BE94C726F000A4004629F3 /* Assets.xcassets */; };
		D9BE94CB26F000A4004629F3 /* LaunchScreen.storyboard in Resources */ = {isa = PBXBuildFile; fileRef = D9BE94C926F000A4004629F3 /* LaunchScreen.storyboard */; };
		D9BE94DB26F001B0004629F3 /* LoginPresenter.swift in Sources */ = {isa = PBXBuildFile; fileRef = D9BE94D626F001B0004629F3 /* LoginPresenter.swift */; };
		D9BE94DC26F001B0004629F3 /* LoginRouter.swift in Sources */ = {isa = PBXBuildFile; fileRef = D9BE94D726F001B0004629F3 /* LoginRouter.swift */; };
		D9BE94DD26F001B0004629F3 /* LoginViewController.swift in Sources */ = {isa = PBXBuildFile; fileRef = D9BE94D826F001B0004629F3 /* LoginViewController.swift */; };
		D9BE94DE26F001B0004629F3 /* LoginInteractor.swift in Sources */ = {isa = PBXBuildFile; fileRef = D9BE94D926F001B0004629F3 /* LoginInteractor.swift */; };
		D9BE94DF26F001B0004629F3 /* LoginConfigurator.swift in Sources */ = {isa = PBXBuildFile; fileRef = D9BE94DA26F001B0004629F3 /* LoginConfigurator.swift */; };
		D9BE94E826F001CE004629F3 /* SignUpPresenter.swift in Sources */ = {isa = PBXBuildFile; fileRef = D9BE94E326F001CE004629F3 /* SignUpPresenter.swift */; };
		D9BE94E926F001CE004629F3 /* SignUpRouter.swift in Sources */ = {isa = PBXBuildFile; fileRef = D9BE94E426F001CE004629F3 /* SignUpRouter.swift */; };
		D9BE94EA26F001CE004629F3 /* SignUpViewController.swift in Sources */ = {isa = PBXBuildFile; fileRef = D9BE94E526F001CE004629F3 /* SignUpViewController.swift */; };
		D9BE94EB26F001CE004629F3 /* SignUpInteractor.swift in Sources */ = {isa = PBXBuildFile; fileRef = D9BE94E626F001CE004629F3 /* SignUpInteractor.swift */; };
		D9BE94EC26F001CE004629F3 /* SignUpConfigurator.swift in Sources */ = {isa = PBXBuildFile; fileRef = D9BE94E726F001CE004629F3 /* SignUpConfigurator.swift */; };
		D9BE94F326F001DA004629F3 /* ActivationPresenter.swift in Sources */ = {isa = PBXBuildFile; fileRef = D9BE94EE26F001DA004629F3 /* ActivationPresenter.swift */; };
		D9BE94F426F001DA004629F3 /* ActivationRouter.swift in Sources */ = {isa = PBXBuildFile; fileRef = D9BE94EF26F001DA004629F3 /* ActivationRouter.swift */; };
		D9BE94F526F001DA004629F3 /* ActivationViewController.swift in Sources */ = {isa = PBXBuildFile; fileRef = D9BE94F026F001DA004629F3 /* ActivationViewController.swift */; };
		D9BE94F626F001DA004629F3 /* ActivationInteractor.swift in Sources */ = {isa = PBXBuildFile; fileRef = D9BE94F126F001DA004629F3 /* ActivationInteractor.swift */; };
		D9BE94F726F001DA004629F3 /* ActivationConfigurator.swift in Sources */ = {isa = PBXBuildFile; fileRef = D9BE94F226F001DA004629F3 /* ActivationConfigurator.swift */; };
		D9BE950426F00258004629F3 /* MapViewController.swift in Sources */ = {isa = PBXBuildFile; fileRef = D9BE950326F00258004629F3 /* MapViewController.swift */; };
		D9BE950826F00311004629F3 /* Validation.swift in Sources */ = {isa = PBXBuildFile; fileRef = D9BE950726F00311004629F3 /* Validation.swift */; };
		D9BE950B26F00320004629F3 /* UIView+Extentions.swift in Sources */ = {isa = PBXBuildFile; fileRef = D9BE950A26F00320004629F3 /* UIView+Extentions.swift */; };
		D9BE950E26F0032B004629F3 /* Extentions.swift in Sources */ = {isa = PBXBuildFile; fileRef = D9BE950D26F0032B004629F3 /* Extentions.swift */; };
		F8B69862CE4F00850B12D347 /* Pods_TaskAuth.framework in Frameworks */ = {isa = PBXBuildFile; fileRef = 693D2736EAD8DE0477A7A190 /* Pods_TaskAuth.framework */; };
/* End PBXBuildFile section */

/* Begin PBXFileReference section */
		693D2736EAD8DE0477A7A190 /* Pods_TaskAuth.framework */ = {isa = PBXFileReference; explicitFileType = wrapper.framework; includeInIndex = 0; path = Pods_TaskAuth.framework; sourceTree = BUILT_PRODUCTS_DIR; };
		6B0A8F3A0EEA7C736D49675D /* Pods-TaskAuth.debug.xcconfig */ = {isa = PBXFileReference; includeInIndex = 1; lastKnownFileType = text.xcconfig; name = "Pods-TaskAuth.debug.xcconfig"; path = "Target Support Files/Pods-TaskAuth/Pods-TaskAuth.debug.xcconfig"; sourceTree = "<group>"; };
		6C9B7B1528A1D71F8AE8C9BC /* Pods-TaskAuth.release.xcconfig */ = {isa = PBXFileReference; includeInIndex = 1; lastKnownFileType = text.xcconfig; name = "Pods-TaskAuth.release.xcconfig"; path = "Target Support Files/Pods-TaskAuth/Pods-TaskAuth.release.xcconfig"; sourceTree = "<group>"; };
		D909410626F01789000D060F /* UserRequest.swift */ = {isa = PBXFileReference; lastKnownFileType = sourcecode.swift; path = UserRequest.swift; sourceTree = "<group>"; };
		D909410926F017BD000D060F /* URLRequestBulider.swift */ = {isa = PBXFileReference; lastKnownFileType = sourcecode.swift; path = URLRequestBulider.swift; sourceTree = "<group>"; };
		D909410C26F017E8000D060F /* LoginModel.swift */ = {isa = PBXFileReference; fileEncoding = 4; lastKnownFileType = sourcecode.swift; path = LoginModel.swift; sourceTree = "<group>"; };
		D909410F26F017EC000D060F /* RegisterModel.swift */ = {isa = PBXFileReference; fileEncoding = 4; lastKnownFileType = sourcecode.swift; path = RegisterModel.swift; sourceTree = "<group>"; };
		D909411226F017EF000D060F /* UserActivationModel.swift */ = {isa = PBXFileReference; fileEncoding = 4; lastKnownFileType = sourcecode.swift; path = UserActivationModel.swift; sourceTree = "<group>"; };
		D909411526F017F2000D060F /* ProviderDataModel.swift */ = {isa = PBXFileReference; fileEncoding = 4; lastKnownFileType = sourcecode.swift; path = ProviderDataModel.swift; sourceTree = "<group>"; };
		D9BE94BB26F000A4004629F3 /* TaskAuth.app */ = {isa = PBXFileReference; explicitFileType = wrapper.application; includeInIndex = 0; path = TaskAuth.app; sourceTree = BUILT_PRODUCTS_DIR; };
		D9BE94BE26F000A4004629F3 /* AppDelegate.swift */ = {isa = PBXFileReference; lastKnownFileType = sourcecode.swift; path = AppDelegate.swift; sourceTree = "<group>"; };
		D9BE94C026F000A4004629F3 /* SceneDelegate.swift */ = {isa = PBXFileReference; lastKnownFileType = sourcecode.swift; path = SceneDelegate.swift; sourceTree = "<group>"; };
		D9BE94C526F000A4004629F3 /* Base */ = {isa = PBXFileReference; lastKnownFileType = file.storyboard; name = Base; path = Base.lproj/Main.storyboard; sourceTree = "<group>"; };
		D9BE94C726F000A4004629F3 /* Assets.xcassets */ = {isa = PBXFileReference; lastKnownFileType = folder.assetcatalog; path = Assets.xcassets; sourceTree = "<group>"; };
		D9BE94CA26F000A4004629F3 /* Base */ = {isa = PBXFileReference; lastKnownFileType = file.storyboard; name = Base; path = Base.lproj/LaunchScreen.storyboard; sourceTree = "<group>"; };
		D9BE94CC26F000A4004629F3 /* Info.plist */ = {isa = PBXFileReference; lastKnownFileType = text.plist.xml; path = Info.plist; sourceTree = "<group>"; };
		D9BE94D626F001B0004629F3 /* LoginPresenter.swift */ = {isa = PBXFileReference; lastKnownFileType = sourcecode.swift; path = LoginPresenter.swift; sourceTree = "<group>"; };
		D9BE94D726F001B0004629F3 /* LoginRouter.swift */ = {isa = PBXFileReference; lastKnownFileType = sourcecode.swift; path = LoginRouter.swift; sourceTree = "<group>"; };
		D9BE94D826F001B0004629F3 /* LoginViewController.swift */ = {isa = PBXFileReference; lastKnownFileType = sourcecode.swift; path = LoginViewController.swift; sourceTree = "<group>"; };
		D9BE94D926F001B0004629F3 /* LoginInteractor.swift */ = {isa = PBXFileReference; lastKnownFileType = sourcecode.swift; path = LoginInteractor.swift; sourceTree = "<group>"; };
		D9BE94DA26F001B0004629F3 /* LoginConfigurator.swift */ = {isa = PBXFileReference; lastKnownFileType = sourcecode.swift; path = LoginConfigurator.swift; sourceTree = "<group>"; };
		D9BE94E326F001CE004629F3 /* SignUpPresenter.swift */ = {isa = PBXFileReference; lastKnownFileType = sourcecode.swift; path = SignUpPresenter.swift; sourceTree = "<group>"; };
		D9BE94E426F001CE004629F3 /* SignUpRouter.swift */ = {isa = PBXFileReference; lastKnownFileType = sourcecode.swift; path = SignUpRouter.swift; sourceTree = "<group>"; };
		D9BE94E526F001CE004629F3 /* SignUpViewController.swift */ = {isa = PBXFileReference; lastKnownFileType = sourcecode.swift; path = SignUpViewController.swift; sourceTree = "<group>"; };
		D9BE94E626F001CE004629F3 /* SignUpInteractor.swift */ = {isa = PBXFileReference; lastKnownFileType = sourcecode.swift; path = SignUpInteractor.swift; sourceTree = "<group>"; };
		D9BE94E726F001CE004629F3 /* SignUpConfigurator.swift */ = {isa = PBXFileReference; lastKnownFileType = sourcecode.swift; path = SignUpConfigurator.swift; sourceTree = "<group>"; };
		D9BE94EE26F001DA004629F3 /* ActivationPresenter.swift */ = {isa = PBXFileReference; lastKnownFileType = sourcecode.swift; path = ActivationPresenter.swift; sourceTree = "<group>"; };
		D9BE94EF26F001DA004629F3 /* ActivationRouter.swift */ = {isa = PBXFileReference; lastKnownFileType = sourcecode.swift; path = ActivationRouter.swift; sourceTree = "<group>"; };
		D9BE94F026F001DA004629F3 /* ActivationViewController.swift */ = {isa = PBXFileReference; lastKnownFileType = sourcecode.swift; path = ActivationViewController.swift; sourceTree = "<group>"; };
		D9BE94F126F001DA004629F3 /* ActivationInteractor.swift */ = {isa = PBXFileReference; lastKnownFileType = sourcecode.swift; path = ActivationInteractor.swift; sourceTree = "<group>"; };
		D9BE94F226F001DA004629F3 /* ActivationConfigurator.swift */ = {isa = PBXFileReference; lastKnownFileType = sourcecode.swift; path = ActivationConfigurator.swift; sourceTree = "<group>"; };
		D9BE950326F00258004629F3 /* MapViewController.swift */ = {isa = PBXFileReference; lastKnownFileType = sourcecode.swift; path = MapViewController.swift; sourceTree = "<group>"; };
		D9BE950726F00311004629F3 /* Validation.swift */ = {isa = PBXFileReference; lastKnownFileType = sourcecode.swift; path = Validation.swift; sourceTree = "<group>"; };
		D9BE950A26F00320004629F3 /* UIView+Extentions.swift */ = {isa = PBXFileReference; lastKnownFileType = sourcecode.swift; path = "UIView+Extentions.swift"; sourceTree = "<group>"; };
		D9BE950D26F0032B004629F3 /* Extentions.swift */ = {isa = PBXFileReference; lastKnownFileType = sourcecode.swift; path = Extentions.swift; sourceTree = "<group>"; };
/* End PBXFileReference section */

/* Begin PBXFrameworksBuildPhase section */
		D9BE94B826F000A3004629F3 /* Frameworks */ = {
			isa = PBXFrameworksBuildPhase;
			buildActionMask = 2147483647;
			files = (
				F8B69862CE4F00850B12D347 /* Pods_TaskAuth.framework in Frameworks */,
			);
			runOnlyForDeploymentPostprocessing = 0;
		};
/* End PBXFrameworksBuildPhase section */

/* Begin PBXGroup section */
		426BBC4B5C1864C7069AEA30 /* Frameworks */ = {
			isa = PBXGroup;
			children = (
				693D2736EAD8DE0477A7A190 /* Pods_TaskAuth.framework */,
			);
			name = Frameworks;
			sourceTree = "<group>";
		};
		4CAF465D6B822C4EF1B3A593 /* Pods */ = {
			isa = PBXGroup;
			children = (
				6B0A8F3A0EEA7C736D49675D /* Pods-TaskAuth.debug.xcconfig */,
				6C9B7B1528A1D71F8AE8C9BC /* Pods-TaskAuth.release.xcconfig */,
			);
			path = Pods;
			sourceTree = "<group>";
		};
		D9BE94B226F000A3004629F3 = {
			isa = PBXGroup;
			children = (
				D9BE94BD26F000A4004629F3 /* TaskAuth */,
				D9BE94BC26F000A4004629F3 /* Products */,
				4CAF465D6B822C4EF1B3A593 /* Pods */,
				426BBC4B5C1864C7069AEA30 /* Frameworks */,
			);
			sourceTree = "<group>";
		};
		D9BE94BC26F000A4004629F3 /* Products */ = {
			isa = PBXGroup;
			children = (
				D9BE94BB26F000A4004629F3 /* TaskAuth.app */,
			);
			name = Products;
			sourceTree = "<group>";
		};
		D9BE94BD26F000A4004629F3 /* TaskAuth */ = {
			isa = PBXGroup;
			children = (
				D9BE94D426F000F7004629F3 /* Resources */,
				D9BE950626F002FF004629F3 /* Utilities */,
				D9BE951026F0032F004629F3 /* Network */,
				D9BE951126F00336004629F3 /* Model */,
				D9BE94FF26F00228004629F3 /* Scenes */,
				D9BE94D526F0010F004629F3 /* Storyboards */,
				D9BE94CC26F000A4004629F3 /* Info.plist */,
			);
			path = TaskAuth;
			sourceTree = "<group>";
		};
		D9BE94D426F000F7004629F3 /* Resources */ = {
			isa = PBXGroup;
			children = (
				D9BE94BE26F000A4004629F3 /* AppDelegate.swift */,
				D9BE94C026F000A4004629F3 /* SceneDelegate.swift */,
				D9BE94C726F000A4004629F3 /* Assets.xcassets */,
			);
			path = Resources;
			sourceTree = "<group>";
		};
		D9BE94D526F0010F004629F3 /* Storyboards */ = {
			isa = PBXGroup;
			children = (
				D9BE94C426F000A4004629F3 /* Main.storyboard */,
				D9BE94C926F000A4004629F3 /* LaunchScreen.storyboard */,
			);
			path = Storyboards;
			sourceTree = "<group>";
		};
		D9BE94E126F001BA004629F3 /* Login */ = {
			isa = PBXGroup;
			children = (
				D9BE94D826F001B0004629F3 /* LoginViewController.swift */,
				D9BE94D626F001B0004629F3 /* LoginPresenter.swift */,
				D9BE94D726F001B0004629F3 /* LoginRouter.swift */,
				D9BE94D926F001B0004629F3 /* LoginInteractor.swift */,
				D9BE94DA26F001B0004629F3 /* LoginConfigurator.swift */,
			);
			path = Login;
			sourceTree = "<group>";
		};
		D9BE94F926F001E8004629F3 /* SignUp */ = {
			isa = PBXGroup;
			children = (
				D9BE950226F0024C004629F3 /* Map */,
				D9BE94E526F001CE004629F3 /* SignUpViewController.swift */,
				D9BE94E326F001CE004629F3 /* SignUpPresenter.swift */,
				D9BE94E426F001CE004629F3 /* SignUpRouter.swift */,
				D9BE94E626F001CE004629F3 /* SignUpInteractor.swift */,
				D9BE94E726F001CE004629F3 /* SignUpConfigurator.swift */,
			);
			path = SignUp;
			sourceTree = "<group>";
		};
		D9BE94FE26F00215004629F3 /* Activation */ = {
			isa = PBXGroup;
			children = (
				D9BE94F026F001DA004629F3 /* ActivationViewController.swift */,
				D9BE94EE26F001DA004629F3 /* ActivationPresenter.swift */,
				D9BE94EF26F001DA004629F3 /* ActivationRouter.swift */,
				D9BE94F126F001DA004629F3 /* ActivationInteractor.swift */,
				D9BE94F226F001DA004629F3 /* ActivationConfigurator.swift */,
			);
			path = Activation;
			sourceTree = "<group>";
		};
		D9BE94FF26F00228004629F3 /* Scenes */ = {
			isa = PBXGroup;
			children = (
				D9BE94E126F001BA004629F3 /* Login */,
				D9BE94F926F001E8004629F3 /* SignUp */,
				D9BE94FE26F00215004629F3 /* Activation */,
			);
			path = Scenes;
			sourceTree = "<group>";
		};
		D9BE950226F0024C004629F3 /* Map */ = {
			isa = PBXGroup;
			children = (
				D9BE950326F00258004629F3 /* MapViewController.swift */,
			);
			path = Map;
			sourceTree = "<group>";
		};
		D9BE950626F002FF004629F3 /* Utilities */ = {
			isa = PBXGroup;
			children = (
				D9BE950726F00311004629F3 /* Validation.swift */,
				D9BE950A26F00320004629F3 /* UIView+Extentions.swift */,
				D9BE950D26F0032B004629F3 /* Extentions.swift */,
			);
			path = Utilities;
			sourceTree = "<group>";
		};
		D9BE951026F0032F004629F3 /* Network */ = {
			isa = PBXGroup;
			children = (
				D909410626F01789000D060F /* UserRequest.swift */,
				D909410926F017BD000D060F /* URLRequestBulider.swift */,
			);
			path = Network;
			sourceTree = "<group>";
		};
		D9BE951126F00336004629F3 /* Model */ = {
			isa = PBXGroup;
			children = (
				D909410C26F017E8000D060F /* LoginModel.swift */,
				D909410F26F017EC000D060F /* RegisterModel.swift */,
				D909411226F017EF000D060F /* UserActivationModel.swift */,
				D909411526F017F2000D060F /* ProviderDataModel.swift */,
			);
			path = Model;
			sourceTree = "<group>";
		};
/* End PBXGroup section */

/* Begin PBXNativeTarget section */
		D9BE94BA26F000A3004629F3 /* TaskAuth */ = {
			isa = PBXNativeTarget;
			buildConfigurationList = D9BE94CF26F000A4004629F3 /* Build configuration list for PBXNativeTarget "TaskAuth" */;
			buildPhases = (
				EA1D1B0406481EF912BBC9A6 /* [CP] Check Pods Manifest.lock */,
				D9BE94B726F000A3004629F3 /* Sources */,
				D9BE94B826F000A3004629F3 /* Frameworks */,
				D9BE94B926F000A3004629F3 /* Resources */,
				A33384C49BEA0C68DDDF8CFD /* [CP] Embed Pods Frameworks */,
				74005F42A1D0A43281B09241 /* [CP] Copy Pods Resources */,
			);
			buildRules = (
			);
			dependencies = (
			);
			name = TaskAuth;
			productName = TaskAuth;
			productReference = D9BE94BB26F000A4004629F3 /* TaskAuth.app */;
			productType = "com.apple.product-type.application";
		};
/* End PBXNativeTarget section */

/* Begin PBXProject section */
		D9BE94B326F000A3004629F3 /* Project object */ = {
			isa = PBXProject;
			attributes = {
				LastSwiftUpdateCheck = 1240;
				LastUpgradeCheck = 1240;
				TargetAttributes = {
					D9BE94BA26F000A3004629F3 = {
						CreatedOnToolsVersion = 12.4;
					};
				};
			};
			buildConfigurationList = D9BE94B626F000A3004629F3 /* Build configuration list for PBXProject "TaskAuth" */;
			compatibilityVersion = "Xcode 9.3";
			developmentRegion = en;
			hasScannedForEncodings = 0;
			knownRegions = (
				en,
				Base,
			);
			mainGroup = D9BE94B226F000A3004629F3;
			productRefGroup = D9BE94BC26F000A4004629F3 /* Products */;
			projectDirPath = "";
			projectRoot = "";
			targets = (
				D9BE94BA26F000A3004629F3 /* TaskAuth */,
			);
		};
/* End PBXProject section */

/* Begin PBXResourcesBuildPhase section */
		D9BE94B926F000A3004629F3 /* Resources */ = {
			isa = PBXResourcesBuildPhase;
			buildActionMask = 2147483647;
			files = (
				D9BE94CB26F000A4004629F3 /* LaunchScreen.storyboard in Resources */,
				D9BE94C826F000A4004629F3 /* Assets.xcassets in Resources */,
				D9BE94C626F000A4004629F3 /* Main.storyboard in Resources */,
			);
			runOnlyForDeploymentPostprocessing = 0;
		};
/* End PBXResourcesBuildPhase section */

/* Begin PBXShellScriptBuildPhase section */
		74005F42A1D0A43281B09241 /* [CP] Copy Pods Resources */ = {
			isa = PBXShellScriptBuildPhase;
			buildActionMask = 2147483647;
			files = (
			);
			inputFileListPaths = (
				"${PODS_ROOT}/Target Support Files/Pods-TaskAuth/Pods-TaskAuth-resources-${CONFIGURATION}-input-files.xcfilelist",
			);
			name = "[CP] Copy Pods Resources";
			outputFileListPaths = (
				"${PODS_ROOT}/Target Support Files/Pods-TaskAuth/Pods-TaskAuth-resources-${CONFIGURATION}-output-files.xcfilelist",
			);
			runOnlyForDeploymentPostprocessing = 0;
			shellPath = /bin/sh;
			shellScript = "\"${PODS_ROOT}/Target Support Files/Pods-TaskAuth/Pods-TaskAuth-resources.sh\"\n";
			showEnvVarsInLog = 0;
		};
		A33384C49BEA0C68DDDF8CFD /* [CP] Embed Pods Frameworks */ = {
			isa = PBXShellScriptBuildPhase;
			buildActionMask = 2147483647;
			files = (
			);
			inputFileListPaths = (
				"${PODS_ROOT}/Target Support Files/Pods-TaskAuth/Pods-TaskAuth-frameworks-${CONFIGURATION}-input-files.xcfilelist",
			);
			name = "[CP] Embed Pods Frameworks";
			outputFileListPaths = (
				"${PODS_ROOT}/Target Support Files/Pods-TaskAuth/Pods-TaskAuth-frameworks-${CONFIGURATION}-output-files.xcfilelist",
			);
			runOnlyForDeploymentPostprocessing = 0;
			shellPath = /bin/sh;
			shellScript = "\"${PODS_ROOT}/Target Support Files/Pods-TaskAuth/Pods-TaskAuth-frameworks.sh\"\n";
			showEnvVarsInLog = 0;
		};
		EA1D1B0406481EF912BBC9A6 /* [CP] Check Pods Manifest.lock */ = {
			isa = PBXShellScriptBuildPhase;
			buildActionMask = 2147483647;
			files = (
			);
			inputFileListPaths = (
			);
			inputPaths = (
				"${PODS_PODFILE_DIR_PATH}/Podfile.lock",
				"${PODS_ROOT}/Manifest.lock",
			);
			name = "[CP] Check Pods Manifest.lock";
			outputFileListPaths = (
			);
			outputPaths = (
				"$(DERIVED_FILE_DIR)/Pods-TaskAuth-checkManifestLockResult.txt",
			);
			runOnlyForDeploymentPostprocessing = 0;
			shellPath = /bin/sh;
			shellScript = "diff \"${PODS_PODFILE_DIR_PATH}/Podfile.lock\" \"${PODS_ROOT}/Manifest.lock\" > /dev/null\nif [ $? != 0 ] ; then\n    # print error to STDERR\n    echo \"error: The sandbox is not in sync with the Podfile.lock. Run 'pod install' or update your CocoaPods installation.\" >&2\n    exit 1\nfi\n# This output is used by Xcode 'outputs' to avoid re-running this script phase.\necho \"SUCCESS\" > \"${SCRIPT_OUTPUT_FILE_0}\"\n";
			showEnvVarsInLog = 0;
		};
/* End PBXShellScriptBuildPhase section */

/* Begin PBXSourcesBuildPhase section */
		D9BE94B726F000A3004629F3 /* Sources */ = {
			isa = PBXSourcesBuildPhase;
			buildActionMask = 2147483647;
			files = (
				D9BE94F326F001DA004629F3 /* ActivationPresenter.swift in Sources */,
				D9BE94EA26F001CE004629F3 /* SignUpViewController.swift in Sources */,
				D909411326F017EF000D060F /* UserActivationModel.swift in Sources */,
				D909410726F01789000D060F /* UserRequest.swift in Sources */,
				D9BE94E926F001CE004629F3 /* SignUpRouter.swift in Sources */,
				D9BE94E826F001CE004629F3 /* SignUpPresenter.swift in Sources */,
				D9BE94DD26F001B0004629F3 /* LoginViewController.swift in Sources */,
				D9BE94DB26F001B0004629F3 /* LoginPresenter.swift in Sources */,
				D9BE94EC26F001CE004629F3 /* SignUpConfigurator.swift in Sources */,
				D9BE950B26F00320004629F3 /* UIView+Extentions.swift in Sources */,
				D9BE94F426F001DA004629F3 /* ActivationRouter.swift in Sources */,
				D9BE94DE26F001B0004629F3 /* LoginInteractor.swift in Sources */,
				D9BE94F526F001DA004629F3 /* ActivationViewController.swift in Sources */,
				D909411626F017F2000D060F /* ProviderDataModel.swift in Sources */,
				D9BE94F626F001DA004629F3 /* ActivationInteractor.swift in Sources */,
				D909410D26F017E8000D060F /* LoginModel.swift in Sources */,
				D909410A26F017BD000D060F /* URLRequestBulider.swift in Sources */,
				D9BE94BF26F000A4004629F3 /* AppDelegate.swift in Sources */,
				D909411026F017EC000D060F /* RegisterModel.swift in Sources */,
				D9BE94DC26F001B0004629F3 /* LoginRouter.swift in Sources */,
				D9BE950826F00311004629F3 /* Validation.swift in Sources */,
				D9BE950426F00258004629F3 /* MapViewController.swift in Sources */,
				D9BE94F726F001DA004629F3 /* ActivationConfigurator.swift in Sources */,
				D9BE94DF26F001B0004629F3 /* LoginConfigurator.swift in Sources */,
				D9BE94EB26F001CE004629F3 /* SignUpInteractor.swift in Sources */,
				D9BE94C126F000A4004629F3 /* SceneDelegate.swift in Sources */,
				D9BE950E26F0032B004629F3 /* Extentions.swift in Sources */,
			);
			runOnlyForDeploymentPostprocessing = 0;
		};
/* End PBXSourcesBuildPhase section */

/* Begin PBXVariantGroup section */
		D9BE94C426F000A4004629F3 /* Main.storyboard */ = {
			isa = PBXVariantGroup;
			children = (
				D9BE94C526F000A4004629F3 /* Base */,
			);
			name = Main.storyboard;
			sourceTree = "<group>";
		};
		D9BE94C926F000A4004629F3 /* LaunchScreen.storyboard */ = {
			isa = PBXVariantGroup;
			children = (
				D9BE94CA26F000A4004629F3 /* Base */,
			);
			name = LaunchScreen.storyboard;
			sourceTree = "<group>";
		};
/* End PBXVariantGroup section */

/* Begin XCBuildConfiguration section */
		D9BE94CD26F000A4004629F3 /* Debug */ = {
			isa = XCBuildConfiguration;
			buildSettings = {
				ALWAYS_SEARCH_USER_PATHS = NO;
				CLANG_ANALYZER_NONNULL = YES;
				CLANG_ANALYZER_NUMBER_OBJECT_CONVERSION = YES_AGGRESSIVE;
				CLANG_CXX_LANGUAGE_STANDARD = "gnu++14";
				CLANG_CXX_LIBRARY = "libc++";
				CLANG_ENABLE_MODULES = YES;
				CLANG_ENABLE_OBJC_ARC = YES;
				CLANG_ENABLE_OBJC_WEAK = YES;
				CLANG_WARN_BLOCK_CAPTURE_AUTORELEASING = YES;
				CLANG_WARN_BOOL_CONVERSION = YES;
				CLANG_WARN_COMMA = YES;
				CLANG_WARN_CONSTANT_CONVERSION = YES;
				CLANG_WARN_DEPRECATED_OBJC_IMPLEMENTATIONS = YES;
				CLANG_WARN_DIRECT_OBJC_ISA_USAGE = YES_ERROR;
				CLANG_WARN_DOCUMENTATION_COMMENTS = YES;
				CLANG_WARN_EMPTY_BODY = YES;
				CLANG_WARN_ENUM_CONVERSION = YES;
				CLANG_WARN_INFINITE_RECURSION = YES;
				CLANG_WARN_INT_CONVERSION = YES;
				CLANG_WARN_NON_LITERAL_NULL_CONVERSION = YES;
				CLANG_WARN_OBJC_IMPLICIT_RETAIN_SELF = YES;
				CLANG_WARN_OBJC_LITERAL_CONVERSION = YES;
				CLANG_WARN_OBJC_ROOT_CLASS = YES_ERROR;
				CLANG_WARN_QUOTED_INCLUDE_IN_FRAMEWORK_HEADER = YES;
				CLANG_WARN_RANGE_LOOP_ANALYSIS = YES;
				CLANG_WARN_STRICT_PROTOTYPES = YES;
				CLANG_WARN_SUSPICIOUS_MOVE = YES;
				CLANG_WARN_UNGUARDED_AVAILABILITY = YES_AGGRESSIVE;
				CLANG_WARN_UNREACHABLE_CODE = YES;
				CLANG_WARN__DUPLICATE_METHOD_MATCH = YES;
				COPY_PHASE_STRIP = NO;
				DEBUG_INFORMATION_FORMAT = dwarf;
				ENABLE_STRICT_OBJC_MSGSEND = YES;
				ENABLE_TESTABILITY = YES;
				GCC_C_LANGUAGE_STANDARD = gnu11;
				GCC_DYNAMIC_NO_PIC = NO;
				GCC_NO_COMMON_BLOCKS = YES;
				GCC_OPTIMIZATION_LEVEL = 0;
				GCC_PREPROCESSOR_DEFINITIONS = (
					"DEBUG=1",
					"$(inherited)",
				);
				GCC_WARN_64_TO_32_BIT_CONVERSION = YES;
				GCC_WARN_ABOUT_RETURN_TYPE = YES_ERROR;
				GCC_WARN_UNDECLARED_SELECTOR = YES;
				GCC_WARN_UNINITIALIZED_AUTOS = YES_AGGRESSIVE;
				GCC_WARN_UNUSED_FUNCTION = YES;
				GCC_WARN_UNUSED_VARIABLE = YES;
				IPHONEOS_DEPLOYMENT_TARGET = 13.0;
				MTL_ENABLE_DEBUG_INFO = INCLUDE_SOURCE;
				MTL_FAST_MATH = YES;
				ONLY_ACTIVE_ARCH = YES;
				SDKROOT = iphoneos;
				SWIFT_ACTIVE_COMPILATION_CONDITIONS = DEBUG;
				SWIFT_OPTIMIZATION_LEVEL = "-Onone";
			};
			name = Debug;
		};
		D9BE94CE26F000A4004629F3 /* Release */ = {
			isa = XCBuildConfiguration;
			buildSettings = {
				ALWAYS_SEARCH_USER_PATHS = NO;
				CLANG_ANALYZER_NONNULL = YES;
				CLANG_ANALYZER_NUMBER_OBJECT_CONVERSION = YES_AGGRESSIVE;
				CLANG_CXX_LANGUAGE_STANDARD = "gnu++14";
				CLANG_CXX_LIBRARY = "libc++";
				CLANG_ENABLE_MODULES = YES;
				CLANG_ENABLE_OBJC_ARC = YES;
				CLANG_ENABLE_OBJC_WEAK = YES;
				CLANG_WARN_BLOCK_CAPTURE_AUTORELEASING = YES;
				CLANG_WARN_BOOL_CONVERSION = YES;
				CLANG_WARN_COMMA = YES;
				CLANG_WARN_CONSTANT_CONVERSION = YES;
				CLANG_WARN_DEPRECATED_OBJC_IMPLEMENTATIONS = YES;
				CLANG_WARN_DIRECT_OBJC_ISA_USAGE = YES_ERROR;
				CLANG_WARN_DOCUMENTATION_COMMENTS = YES;
				CLANG_WARN_EMPTY_BODY = YES;
				CLANG_WARN_ENUM_CONVERSION = YES;
				CLANG_WARN_INFINITE_RECURSION = YES;
				CLANG_WARN_INT_CONVERSION = YES;
				CLANG_WARN_NON_LITERAL_NULL_CONVERSION = YES;
				CLANG_WARN_OBJC_IMPLICIT_RETAIN_SELF = YES;
				CLANG_WARN_OBJC_LITERAL_CONVERSION = YES;
				CLANG_WARN_OBJC_ROOT_CLASS = YES_ERROR;
				CLANG_WARN_QUOTED_INCLUDE_IN_FRAMEWORK_HEADER = YES;
				CLANG_WARN_RANGE_LOOP_ANALYSIS = YES;
				CLANG_WARN_STRICT_PROTOTYPES = YES;
				CLANG_WARN_SUSPICIOUS_MOVE = YES;
				CLANG_WARN_UNGUARDED_AVAILABILITY = YES_AGGRESSIVE;
				CLANG_WARN_UNREACHABLE_CODE = YES;
				CLANG_WARN__DUPLICATE_METHOD_MATCH = YES;
				COPY_PHASE_STRIP = NO;
				DEBUG_INFORMATION_FORMAT = "dwarf-with-dsym";
				ENABLE_NS_ASSERTIONS = NO;
				ENABLE_STRICT_OBJC_MSGSEND = YES;
				GCC_C_LANGUAGE_STANDARD = gnu11;
				GCC_NO_COMMON_BLOCKS = YES;
				GCC_WARN_64_TO_32_BIT_CONVERSION = YES;
				GCC_WARN_ABOUT_RETURN_TYPE = YES_ERROR;
				GCC_WARN_UNDECLARED_SELECTOR = YES;
				GCC_WARN_UNINITIALIZED_AUTOS = YES_AGGRESSIVE;
				GCC_WARN_UNUSED_FUNCTION = YES;
				GCC_WARN_UNUSED_VARIABLE = YES;
				IPHONEOS_DEPLOYMENT_TARGET = 13.0;
				MTL_ENABLE_DEBUG_INFO = NO;
				MTL_FAST_MATH = YES;
				SDKROOT = iphoneos;
				SWIFT_COMPILATION_MODE = wholemodule;
				SWIFT_OPTIMIZATION_LEVEL = "-O";
				VALIDATE_PRODUCT = YES;
			};
			name = Release;
		};
		D9BE94D026F000A4004629F3 /* Debug */ = {
			isa = XCBuildConfiguration;
			baseConfigurationReference = 6B0A8F3A0EEA7C736D49675D /* Pods-TaskAuth.debug.xcconfig */;
			buildSettings = {
				ASSETCATALOG_COMPILER_APPICON_NAME = AppIcon;
				ASSETCATALOG_COMPILER_GLOBAL_ACCENT_COLOR_NAME = AccentColor;
				CODE_SIGN_STYLE = Automatic;
				DEVELOPMENT_TEAM = 4A7J823U6W;
				INFOPLIST_FILE = TaskAuth/Info.plist;
				LD_RUNPATH_SEARCH_PATHS = (
					"$(inherited)",
					"@executable_path/Frameworks",
				);
				PRODUCT_BUNDLE_IDENTIFIER = com.SaadSherif.TaskAuth;
				PRODUCT_NAME = "$(TARGET_NAME)";
				SWIFT_VERSION = 5.0;
				TARGETED_DEVICE_FAMILY = "1,2";
			};
			name = Debug;
		};
		D9BE94D126F000A4004629F3 /* Release */ = {
			isa = XCBuildConfiguration;
			baseConfigurationReference = 6C9B7B1528A1D71F8AE8C9BC /* Pods-TaskAuth.release.xcconfig */;
			buildSettings = {
				ASSETCATALOG_COMPILER_APPICON_NAME = AppIcon;
				ASSETCATALOG_COMPILER_GLOBAL_ACCENT_COLOR_NAME = AccentColor;
				CODE_SIGN_STYLE = Automatic;
				DEVELOPMENT_TEAM = 4A7J823U6W;
				INFOPLIST_FILE = TaskAuth/Info.plist;
				LD_RUNPATH_SEARCH_PATHS = (
					"$(inherited)",
					"@executable_path/Frameworks",
				);
				PRODUCT_BUNDLE_IDENTIFIER = com.SaadSherif.TaskAuth;
				PRODUCT_NAME = "$(TARGET_NAME)";
				SWIFT_VERSION = 5.0;
				TARGETED_DEVICE_FAMILY = "1,2";
			};
			name = Release;
		};
/* End XCBuildConfiguration section */

/* Begin XCConfigurationList section */
		D9BE94B626F000A3004629F3 /* Build configuration list for PBXProject "TaskAuth" */ = {
			isa = XCConfigurationList;
			buildConfigurations = (
				D9BE94CD26F000A4004629F3 /* Debug */,
				D9BE94CE26F000A4004629F3 /* Release */,
			);
			defaultConfigurationIsVisible = 0;
			defaultConfigurationName = Release;
		};
		D9BE94CF26F000A4004629F3 /* Build configuration list for PBXNativeTarget "TaskAuth" */ = {
			isa = XCConfigurationList;
			buildConfigurations = (
				D9BE94D026F000A4004629F3 /* Debug */,
				D9BE94D126F000A4004629F3 /* Release */,
			);
			defaultConfigurationIsVisible = 0;
			defaultConfigurationName = Release;
		};
/* End XCConfigurationList section */
	};
	rootObject = D9BE94B326F000A3004629F3 /* Project object */;
}
